
Microsoft Visual Studio Solution File, Format Version 12.00
# Visual Studio Version 16
VisualStudioVersion = 16.0.30717.136
MinimumVisualStudioVersion = 10.0.40219.1
Project("{FAE04EC0-301F-11D3-BF4B-00C04F79EFBC}") = "ConsoleApp1", "ConsoleApp1\ConsoleApp1.csproj", "{40E2007C-FB46-4930-80D7-D1E06E7A77DF}"
EndProject
Global
	GlobalSection(SolutionConfigurationPlatforms) = preSolution
		Debug|Any CPU = Debug|Any CPU
		Release|Any CPU = Release|Any CPU
	EndGlobalSection
	GlobalSection(ProjectConfigurationPlatforms) = postSolution
		{40E2007C-FB46-4930-80D7-D1E06E7A77DF}.Debug|Any CPU.ActiveCfg = Debug|Any CPU
		{40E2007C-FB46-4930-80D7-D1E06E7A77DF}.Debug|Any CPU.Build.0 = Debug|Any CPU
		{40E2007C-FB46-4930-80D7-D1E06E7A77DF}.Release|Any CPU.ActiveCfg = Release|Any CPU
		{40E2007C-FB46-4930-80D7-D1E06E7A77DF}.Release|Any CPU.Build.0 = Release|Any CPU
	EndGlobalSection
	GlobalSection(SolutionProperties) = preSolution
		HideSolutionNode = FALSE
	EndGlobalSection
	GlobalSection(ExtensibilityGlobals) = postSolution
		SolutionGuid = {AB2C890B-A8C6-4CD0-8D00-AE1CB070F87A}
	EndGlobalSection
EndGlobal
